// !$*UTF8*$!
{
	archiveVersion = 1;
	classes = {
	};
	objectVersion = 50;
	objects = {

/* Begin PBXBuildFile section */
		A58D82C6242B18F000DAB416 /* StringExtension.swift in Sources */ = {isa = PBXBuildFile; fileRef = A58D82C5242B18F000DAB416 /* StringExtension.swift */; };
		A58D82C8242B1B2800DAB416 /* StatusLabel.swift in Sources */ = {isa = PBXBuildFile; fileRef = A58D82C7242B1B2800DAB416 /* StatusLabel.swift */; };
		A590F47A2428D36000293531 /* AppDelegate.swift in Sources */ = {isa = PBXBuildFile; fileRef = A590F4792428D36000293531 /* AppDelegate.swift */; };
		A590F47C2428D36000293531 /* SceneDelegate.swift in Sources */ = {isa = PBXBuildFile; fileRef = A590F47B2428D36000293531 /* SceneDelegate.swift */; };
		A590F47E2428D36000293531 /* SignupViewController.swift in Sources */ = {isa = PBXBuildFile; fileRef = A590F47D2428D36000293531 /* SignupViewController.swift */; };
		A590F4812428D36000293531 /* Main.storyboard in Resources */ = {isa = PBXBuildFile; fileRef = A590F47F2428D36000293531 /* Main.storyboard */; };
		A590F4832428D36400293531 /* Assets.xcassets in Resources */ = {isa = PBXBuildFile; fileRef = A590F4822428D36400293531 /* Assets.xcassets */; };
		A590F4862428D36400293531 /* LaunchScreen.storyboard in Resources */ = {isa = PBXBuildFile; fileRef = A590F4842428D36400293531 /* LaunchScreen.storyboard */; };
		A590F4912428D36400293531 /* SignupTests.swift in Sources */ = {isa = PBXBuildFile; fileRef = A590F4902428D36400293531 /* SignupTests.swift */; };
		A5CA8AA12429DF8200F204E6 /* UIExtenstion.swift in Sources */ = {isa = PBXBuildFile; fileRef = A5CA8AA02429DF8200F204E6 /* UIExtenstion.swift */; };
		A5CA8AAC242A0EF500F204E6 /* IDTextFieldDelegate.swift in Sources */ = {isa = PBXBuildFile; fileRef = A5CA8AAB242A0EF500F204E6 /* IDTextFieldDelegate.swift */; };
		A5CDE7C1242B491200214EC4 /* NetworkHandler.swift in Sources */ = {isa = PBXBuildFile; fileRef = A5CDE7C0242B491200214EC4 /* NetworkHandler.swift */; };
		A5CDE7C3242B4B3E00214EC4 /* SignupTextField.swift in Sources */ = {isa = PBXBuildFile; fileRef = A5CDE7C2242B4B3E00214EC4 /* SignupTextField.swift */; };
		A5D6BD25242D99C50061EFD6 /* PersonalInformationViewController.swift in Sources */ = {isa = PBXBuildFile; fileRef = A5D6BD24242D99C50061EFD6 /* PersonalInformationViewController.swift */; };
		A5D6BD27242DA8770061EFD6 /* BirthdayTextFieldDelegate.swift in Sources */ = {isa = PBXBuildFile; fileRef = A5D6BD26242DA8770061EFD6 /* BirthdayTextFieldDelegate.swift */; };
/* End PBXBuildFile section */

/* Begin PBXContainerItemProxy section */
		A590F48D2428D36400293531 /* PBXContainerItemProxy */ = {
			isa = PBXContainerItemProxy;
			containerPortal = A590F46E2428D36000293531 /* Project object */;
			proxyType = 1;
			remoteGlobalIDString = A590F4752428D36000293531;
			remoteInfo = Signup;
		};
/* End PBXContainerItemProxy section */

/* Begin PBXFileReference section */
		A58D82C5242B18F000DAB416 /* StringExtension.swift */ = {isa = PBXFileReference; lastKnownFileType = sourcecode.swift; path = StringExtension.swift; sourceTree = "<group>"; };
		A58D82C7242B1B2800DAB416 /* StatusLabel.swift */ = {isa = PBXFileReference; lastKnownFileType = sourcecode.swift; path = StatusLabel.swift; sourceTree = "<group>"; };
		A590F4762428D36000293531 /* Signup.app */ = {isa = PBXFileReference; explicitFileType = wrapper.application; includeInIndex = 0; path = Signup.app; sourceTree = BUILT_PRODUCTS_DIR; };
		A590F4792428D36000293531 /* AppDelegate.swift */ = {isa = PBXFileReference; lastKnownFileType = sourcecode.swift; path = AppDelegate.swift; sourceTree = "<group>"; };
		A590F47B2428D36000293531 /* SceneDelegate.swift */ = {isa = PBXFileReference; lastKnownFileType = sourcecode.swift; path = SceneDelegate.swift; sourceTree = "<group>"; };
		A590F47D2428D36000293531 /* SignupViewController.swift */ = {isa = PBXFileReference; lastKnownFileType = sourcecode.swift; path = SignupViewController.swift; sourceTree = "<group>"; };
		A590F4802428D36000293531 /* Base */ = {isa = PBXFileReference; lastKnownFileType = file.storyboard; name = Base; path = Base.lproj/Main.storyboard; sourceTree = "<group>"; };
		A590F4822428D36400293531 /* Assets.xcassets */ = {isa = PBXFileReference; lastKnownFileType = folder.assetcatalog; path = Assets.xcassets; sourceTree = "<group>"; };
		A590F4852428D36400293531 /* Base */ = {isa = PBXFileReference; lastKnownFileType = file.storyboard; name = Base; path = Base.lproj/LaunchScreen.storyboard; sourceTree = "<group>"; };
		A590F4872428D36400293531 /* Info.plist */ = {isa = PBXFileReference; lastKnownFileType = text.plist.xml; path = Info.plist; sourceTree = "<group>"; };
		A590F48C2428D36400293531 /* SignupTests.xctest */ = {isa = PBXFileReference; explicitFileType = wrapper.cfbundle; includeInIndex = 0; path = SignupTests.xctest; sourceTree = BUILT_PRODUCTS_DIR; };
		A590F4902428D36400293531 /* SignupTests.swift */ = {isa = PBXFileReference; lastKnownFileType = sourcecode.swift; path = SignupTests.swift; sourceTree = "<group>"; };
		A590F4922428D36400293531 /* Info.plist */ = {isa = PBXFileReference; lastKnownFileType = text.plist.xml; path = Info.plist; sourceTree = "<group>"; };
		A5CA8AA02429DF8200F204E6 /* UIExtenstion.swift */ = {isa = PBXFileReference; lastKnownFileType = sourcecode.swift; path = UIExtenstion.swift; sourceTree = "<group>"; };
		A5CA8AAB242A0EF500F204E6 /* IDTextFieldDelegate.swift */ = {isa = PBXFileReference; lastKnownFileType = sourcecode.swift; path = IDTextFieldDelegate.swift; sourceTree = "<group>"; };
		A5CDE7C0242B491200214EC4 /* NetworkHandler.swift */ = {isa = PBXFileReference; lastKnownFileType = sourcecode.swift; path = NetworkHandler.swift; sourceTree = "<group>"; };
		A5CDE7C2242B4B3E00214EC4 /* SignupTextField.swift */ = {isa = PBXFileReference; lastKnownFileType = sourcecode.swift; path = SignupTextField.swift; sourceTree = "<group>"; };
		A5D6BD24242D99C50061EFD6 /* PersonalInformationViewController.swift */ = {isa = PBXFileReference; lastKnownFileType = sourcecode.swift; path = PersonalInformationViewController.swift; sourceTree = "<group>"; };
		A5D6BD26242DA8770061EFD6 /* BirthdayTextFieldDelegate.swift */ = {isa = PBXFileReference; lastKnownFileType = sourcecode.swift; path = BirthdayTextFieldDelegate.swift; sourceTree = "<group>"; };
/* End PBXFileReference section */

/* Begin PBXFrameworksBuildPhase section */
		A590F4732428D36000293531 /* Frameworks */ = {
			isa = PBXFrameworksBuildPhase;
			buildActionMask = 2147483647;
			files = (
			);
			runOnlyForDeploymentPostprocessing = 0;
		};
		A590F4892428D36400293531 /* Frameworks */ = {
			isa = PBXFrameworksBuildPhase;
			buildActionMask = 2147483647;
			files = (
			);
			runOnlyForDeploymentPostprocessing = 0;
		};
/* End PBXFrameworksBuildPhase section */

/* Begin PBXGroup section */
		A590F46D2428D36000293531 = {
			isa = PBXGroup;
			children = (
				A590F4782428D36000293531 /* Signup */,
				A590F48F2428D36400293531 /* SignupTests */,
				A590F4772428D36000293531 /* Products */,
			);
			sourceTree = "<group>";
		};
		A590F4772428D36000293531 /* Products */ = {
			isa = PBXGroup;
			children = (
				A590F4762428D36000293531 /* Signup.app */,
				A590F48C2428D36400293531 /* SignupTests.xctest */,
			);
			name = Products;
			sourceTree = "<group>";
		};
		A590F4782428D36000293531 /* Signup */ = {
			isa = PBXGroup;
			children = (
				A5CDE7BF242B48FB00214EC4 /* Model */,
				A5CA8AB2242A289D00F204E6 /* Extension */,
				A5CA8AB1242A289100F204E6 /* Controller */,
				A5CA8AB0242A288700F204E6 /* View */,
				A5CA8AAF242A287D00F204E6 /* Delegate */,
				A590F4822428D36400293531 /* Assets.xcassets */,
				A590F4872428D36400293531 /* Info.plist */,
			);
			path = Signup;
			sourceTree = "<group>";
		};
		A590F48F2428D36400293531 /* SignupTests */ = {
			isa = PBXGroup;
			children = (
				A590F4902428D36400293531 /* SignupTests.swift */,
				A590F4922428D36400293531 /* Info.plist */,
			);
			path = SignupTests;
			sourceTree = "<group>";
		};
		A5CA8AAF242A287D00F204E6 /* Delegate */ = {
			isa = PBXGroup;
			children = (
				A590F4792428D36000293531 /* AppDelegate.swift */,
				A590F47B2428D36000293531 /* SceneDelegate.swift */,
				A5CA8AAB242A0EF500F204E6 /* IDTextFieldDelegate.swift */,
				A5D6BD26242DA8770061EFD6 /* BirthdayTextFieldDelegate.swift */,
			);
			path = Delegate;
			sourceTree = "<group>";
		};
		A5CA8AB0242A288700F204E6 /* View */ = {
			isa = PBXGroup;
			children = (
				A590F47F2428D36000293531 /* Main.storyboard */,
				A590F4842428D36400293531 /* LaunchScreen.storyboard */,
				A58D82C7242B1B2800DAB416 /* StatusLabel.swift */,
				A5CDE7C2242B4B3E00214EC4 /* SignupTextField.swift */,
			);
			path = View;
			sourceTree = "<group>";
		};
		A5CA8AB1242A289100F204E6 /* Controller */ = {
			isa = PBXGroup;
			children = (
				A590F47D2428D36000293531 /* SignupViewController.swift */,
				A5D6BD24242D99C50061EFD6 /* PersonalInformationViewController.swift */,
			);
			path = Controller;
			sourceTree = "<group>";
		};
		A5CA8AB2242A289D00F204E6 /* Extension */ = {
			isa = PBXGroup;
			children = (
				A5CA8AA02429DF8200F204E6 /* UIExtenstion.swift */,
				A58D82C5242B18F000DAB416 /* StringExtension.swift */,
			);
			path = Extension;
			sourceTree = "<group>";
		};
		A5CDE7BF242B48FB00214EC4 /* Model */ = {
			isa = PBXGroup;
			children = (
				A5CDE7C0242B491200214EC4 /* NetworkHandler.swift */,
			);
			path = Model;
			sourceTree = "<group>";
		};
/* End PBXGroup section */

/* Begin PBXNativeTarget section */
		A590F4752428D36000293531 /* Signup */ = {
			isa = PBXNativeTarget;
			buildConfigurationList = A590F4952428D36400293531 /* Build configuration list for PBXNativeTarget "Signup" */;
			buildPhases = (
				A590F4722428D36000293531 /* Sources */,
				A590F4732428D36000293531 /* Frameworks */,
				A590F4742428D36000293531 /* Resources */,
			);
			buildRules = (
			);
			dependencies = (
			);
			name = Signup;
			productName = Signup;
			productReference = A590F4762428D36000293531 /* Signup.app */;
			productType = "com.apple.product-type.application";
		};
		A590F48B2428D36400293531 /* SignupTests */ = {
			isa = PBXNativeTarget;
			buildConfigurationList = A590F4982428D36400293531 /* Build configuration list for PBXNativeTarget "SignupTests" */;
			buildPhases = (
				A590F4882428D36400293531 /* Sources */,
				A590F4892428D36400293531 /* Frameworks */,
				A590F48A2428D36400293531 /* Resources */,
			);
			buildRules = (
			);
			dependencies = (
				A590F48E2428D36400293531 /* PBXTargetDependency */,
			);
			name = SignupTests;
			productName = SignupTests;
			productReference = A590F48C2428D36400293531 /* SignupTests.xctest */;
			productType = "com.apple.product-type.bundle.unit-test";
		};
/* End PBXNativeTarget section */

/* Begin PBXProject section */
		A590F46E2428D36000293531 /* Project object */ = {
			isa = PBXProject;
			attributes = {
				LastSwiftUpdateCheck = 1130;
				LastUpgradeCheck = 1130;
				ORGANIZATIONNAME = "신한섭";
				TargetAttributes = {
					A590F4752428D36000293531 = {
						CreatedOnToolsVersion = 11.3.1;
					};
					A590F48B2428D36400293531 = {
						CreatedOnToolsVersion = 11.3.1;
						TestTargetID = A590F4752428D36000293531;
					};
				};
			};
			buildConfigurationList = A590F4712428D36000293531 /* Build configuration list for PBXProject "Signup" */;
			compatibilityVersion = "Xcode 9.3";
			developmentRegion = en;
			hasScannedForEncodings = 0;
			knownRegions = (
				en,
				Base,
			);
			mainGroup = A590F46D2428D36000293531;
			productRefGroup = A590F4772428D36000293531 /* Products */;
			projectDirPath = "";
			projectRoot = "";
			targets = (
				A590F4752428D36000293531 /* Signup */,
				A590F48B2428D36400293531 /* SignupTests */,
			);
		};
/* End PBXProject section */

/* Begin PBXResourcesBuildPhase section */
		A590F4742428D36000293531 /* Resources */ = {
			isa = PBXResourcesBuildPhase;
			buildActionMask = 2147483647;
			files = (
				A590F4862428D36400293531 /* LaunchScreen.storyboard in Resources */,
				A590F4832428D36400293531 /* Assets.xcassets in Resources */,
				A590F4812428D36000293531 /* Main.storyboard in Resources */,
			);
			runOnlyForDeploymentPostprocessing = 0;
		};
		A590F48A2428D36400293531 /* Resources */ = {
			isa = PBXResourcesBuildPhase;
			buildActionMask = 2147483647;
			files = (
			);
			runOnlyForDeploymentPostprocessing = 0;
		};
/* End PBXResourcesBuildPhase section */

/* Begin PBXSourcesBuildPhase section */
		A590F4722428D36000293531 /* Sources */ = {
			isa = PBXSourcesBuildPhase;
			buildActionMask = 2147483647;
			files = (
				A5CDE7C3242B4B3E00214EC4 /* SignupTextField.swift in Sources */,
				A590F47E2428D36000293531 /* SignupViewController.swift in Sources */,
				A5CA8AAC242A0EF500F204E6 /* IDTextFieldDelegate.swift in Sources */,
				A58D82C6242B18F000DAB416 /* StringExtension.swift in Sources */,
				A590F47A2428D36000293531 /* AppDelegate.swift in Sources */,
				A5D6BD25242D99C50061EFD6 /* PersonalInformationViewController.swift in Sources */,
				A58D82C8242B1B2800DAB416 /* StatusLabel.swift in Sources */,
				A5D6BD27242DA8770061EFD6 /* BirthdayTextFieldDelegate.swift in Sources */,
				A590F47C2428D36000293531 /* SceneDelegate.swift in Sources */,
				A5CA8AA12429DF8200F204E6 /* UIExtenstion.swift in Sources */,
				A5CDE7C1242B491200214EC4 /* NetworkHandler.swift in Sources */,
			);
			runOnlyForDeploymentPostprocessing = 0;
		};
		A590F4882428D36400293531 /* Sources */ = {
			isa = PBXSourcesBuildPhase;
			buildActionMask = 2147483647;
			files = (
				A590F4912428D36400293531 /* SignupTests.swift in Sources */,
			);
			runOnlyForDeploymentPostprocessing = 0;
		};
/* End PBXSourcesBuildPhase section */

/* Begin PBXTargetDependency section */
		A590F48E2428D36400293531 /* PBXTargetDependency */ = {
			isa = PBXTargetDependency;
			target = A590F4752428D36000293531 /* Signup */;
			targetProxy = A590F48D2428D36400293531 /* PBXContainerItemProxy */;
		};
/* End PBXTargetDependency section */

/* Begin PBXVariantGroup section */
		A590F47F2428D36000293531 /* Main.storyboard */ = {
			isa = PBXVariantGroup;
			children = (
				A590F4802428D36000293531 /* Base */,
			);
			name = Main.storyboard;
			sourceTree = "<group>";
		};
		A590F4842428D36400293531 /* LaunchScreen.storyboard */ = {
			isa = PBXVariantGroup;
			children = (
				A590F4852428D36400293531 /* Base */,
			);
			name = LaunchScreen.storyboard;
			sourceTree = "<group>";
		};
/* End PBXVariantGroup section */

/* Begin XCBuildConfiguration section */
		A590F4932428D36400293531 /* Debug */ = {
			isa = XCBuildConfiguration;
			buildSettings = {
				ALWAYS_SEARCH_USER_PATHS = NO;
				CLANG_ANALYZER_NONNULL = YES;
				CLANG_ANALYZER_NUMBER_OBJECT_CONVERSION = YES_AGGRESSIVE;
				CLANG_CXX_LANGUAGE_STANDARD = "gnu++14";
				CLANG_CXX_LIBRARY = "libc++";
				CLANG_ENABLE_MODULES = YES;
				CLANG_ENABLE_OBJC_ARC = YES;
				CLANG_ENABLE_OBJC_WEAK = YES;
				CLANG_WARN_BLOCK_CAPTURE_AUTORELEASING = YES;
				CLANG_WARN_BOOL_CONVERSION = YES;
				CLANG_WARN_COMMA = YES;
				CLANG_WARN_CONSTANT_CONVERSION = YES;
				CLANG_WARN_DEPRECATED_OBJC_IMPLEMENTATIONS = YES;
				CLANG_WARN_DIRECT_OBJC_ISA_USAGE = YES_ERROR;
				CLANG_WARN_DOCUMENTATION_COMMENTS = YES;
				CLANG_WARN_EMPTY_BODY = YES;
				CLANG_WARN_ENUM_CONVERSION = YES;
				CLANG_WARN_INFINITE_RECURSION = YES;
				CLANG_WARN_INT_CONVERSION = YES;
				CLANG_WARN_NON_LITERAL_NULL_CONVERSION = YES;
				CLANG_WARN_OBJC_IMPLICIT_RETAIN_SELF = YES;
				CLANG_WARN_OBJC_LITERAL_CONVERSION = YES;
				CLANG_WARN_OBJC_ROOT_CLASS = YES_ERROR;
				CLANG_WARN_RANGE_LOOP_ANALYSIS = YES;
				CLANG_WARN_STRICT_PROTOTYPES = YES;
				CLANG_WARN_SUSPICIOUS_MOVE = YES;
				CLANG_WARN_UNGUARDED_AVAILABILITY = YES_AGGRESSIVE;
				CLANG_WARN_UNREACHABLE_CODE = YES;
				CLANG_WARN__DUPLICATE_METHOD_MATCH = YES;
				COPY_PHASE_STRIP = NO;
				DEBUG_INFORMATION_FORMAT = dwarf;
				ENABLE_STRICT_OBJC_MSGSEND = YES;
				ENABLE_TESTABILITY = YES;
				GCC_C_LANGUAGE_STANDARD = gnu11;
				GCC_DYNAMIC_NO_PIC = NO;
				GCC_NO_COMMON_BLOCKS = YES;
				GCC_OPTIMIZATION_LEVEL = 0;
				GCC_PREPROCESSOR_DEFINITIONS = (
					"DEBUG=1",
					"$(inherited)",
				);
				GCC_WARN_64_TO_32_BIT_CONVERSION = YES;
				GCC_WARN_ABOUT_RETURN_TYPE = YES_ERROR;
				GCC_WARN_UNDECLARED_SELECTOR = YES;
				GCC_WARN_UNINITIALIZED_AUTOS = YES_AGGRESSIVE;
				GCC_WARN_UNUSED_FUNCTION = YES;
				GCC_WARN_UNUSED_VARIABLE = YES;
				IPHONEOS_DEPLOYMENT_TARGET = 13.2;
				MTL_ENABLE_DEBUG_INFO = INCLUDE_SOURCE;
				MTL_FAST_MATH = YES;
				ONLY_ACTIVE_ARCH = YES;
				SDKROOT = iphoneos;
				SWIFT_ACTIVE_COMPILATION_CONDITIONS = DEBUG;
				SWIFT_OPTIMIZATION_LEVEL = "-Onone";
			};
			name = Debug;
		};
		A590F4942428D36400293531 /* Release */ = {
			isa = XCBuildConfiguration;
			buildSettings = {
				ALWAYS_SEARCH_USER_PATHS = NO;
				CLANG_ANALYZER_NONNULL = YES;
				CLANG_ANALYZER_NUMBER_OBJECT_CONVERSION = YES_AGGRESSIVE;
				CLANG_CXX_LANGUAGE_STANDARD = "gnu++14";
				CLANG_CXX_LIBRARY = "libc++";
				CLANG_ENABLE_MODULES = YES;
				CLANG_ENABLE_OBJC_ARC = YES;
				CLANG_ENABLE_OBJC_WEAK = YES;
				CLANG_WARN_BLOCK_CAPTURE_AUTORELEASING = YES;
				CLANG_WARN_BOOL_CONVERSION = YES;
				CLANG_WARN_COMMA = YES;
				CLANG_WARN_CONSTANT_CONVERSION = YES;
				CLANG_WARN_DEPRECATED_OBJC_IMPLEMENTATIONS = YES;
				CLANG_WARN_DIRECT_OBJC_ISA_USAGE = YES_ERROR;
				CLANG_WARN_DOCUMENTATION_COMMENTS = YES;
				CLANG_WARN_EMPTY_BODY = YES;
				CLANG_WARN_ENUM_CONVERSION = YES;
				CLANG_WARN_INFINITE_RECURSION = YES;
				CLANG_WARN_INT_CONVERSION = YES;
				CLANG_WARN_NON_LITERAL_NULL_CONVERSION = YES;
				CLANG_WARN_OBJC_IMPLICIT_RETAIN_SELF = YES;
				CLANG_WARN_OBJC_LITERAL_CONVERSION = YES;
				CLANG_WARN_OBJC_ROOT_CLASS = YES_ERROR;
				CLANG_WARN_RANGE_LOOP_ANALYSIS = YES;
				CLANG_WARN_STRICT_PROTOTYPES = YES;
				CLANG_WARN_SUSPICIOUS_MOVE = YES;
				CLANG_WARN_UNGUARDED_AVAILABILITY = YES_AGGRESSIVE;
				CLANG_WARN_UNREACHABLE_CODE = YES;
				CLANG_WARN__DUPLICATE_METHOD_MATCH = YES;
				COPY_PHASE_STRIP = NO;
				DEBUG_INFORMATION_FORMAT = "dwarf-with-dsym";
				ENABLE_NS_ASSERTIONS = NO;
				ENABLE_STRICT_OBJC_MSGSEND = YES;
				GCC_C_LANGUAGE_STANDARD = gnu11;
				GCC_NO_COMMON_BLOCKS = YES;
				GCC_WARN_64_TO_32_BIT_CONVERSION = YES;
				GCC_WARN_ABOUT_RETURN_TYPE = YES_ERROR;
				GCC_WARN_UNDECLARED_SELECTOR = YES;
				GCC_WARN_UNINITIALIZED_AUTOS = YES_AGGRESSIVE;
				GCC_WARN_UNUSED_FUNCTION = YES;
				GCC_WARN_UNUSED_VARIABLE = YES;
				IPHONEOS_DEPLOYMENT_TARGET = 13.2;
				MTL_ENABLE_DEBUG_INFO = NO;
				MTL_FAST_MATH = YES;
				SDKROOT = iphoneos;
				SWIFT_COMPILATION_MODE = wholemodule;
				SWIFT_OPTIMIZATION_LEVEL = "-O";
				VALIDATE_PRODUCT = YES;
			};
			name = Release;
		};
		A590F4962428D36400293531 /* Debug */ = {
			isa = XCBuildConfiguration;
			buildSettings = {
				ASSETCATALOG_COMPILER_APPICON_NAME = AppIcon;
				CODE_SIGN_STYLE = Automatic;
				DEVELOPMENT_TEAM = 735P3R8MUU;
				INFOPLIST_FILE = Signup/Info.plist;
				LD_RUNPATH_SEARCH_PATHS = (
					"$(inherited)",
					"@executable_path/Frameworks",
				);
				PRODUCT_BUNDLE_IDENTIFIER = hanseop.Signup;
				PRODUCT_NAME = "$(TARGET_NAME)";
				SWIFT_VERSION = 5.0;
				TARGETED_DEVICE_FAMILY = 1;
			};
			name = Debug;
		};
		A590F4972428D36400293531 /* Release */ = {
			isa = XCBuildConfiguration;
			buildSettings = {
				ASSETCATALOG_COMPILER_APPICON_NAME = AppIcon;
				CODE_SIGN_STYLE = Automatic;
				DEVELOPMENT_TEAM = 735P3R8MUU;
				INFOPLIST_FILE = Signup/Info.plist;
				LD_RUNPATH_SEARCH_PATHS = (
					"$(inherited)",
					"@executable_path/Frameworks",
				);
				PRODUCT_BUNDLE_IDENTIFIER = hanseop.Signup;
				PRODUCT_NAME = "$(TARGET_NAME)";
				SWIFT_VERSION = 5.0;
				TARGETED_DEVICE_FAMILY = 1;
			};
			name = Release;
		};
		A590F4992428D36400293531 /* Debug */ = {
			isa = XCBuildConfiguration;
			buildSettings = {
				ALWAYS_EMBED_SWIFT_STANDARD_LIBRARIES = YES;
				BUNDLE_LOADER = "$(TEST_HOST)";
				CODE_SIGN_STYLE = Automatic;
				DEVELOPMENT_TEAM = 735P3R8MUU;
				INFOPLIST_FILE = SignupTests/Info.plist;
				IPHONEOS_DEPLOYMENT_TARGET = 13.2;
				LD_RUNPATH_SEARCH_PATHS = (
					"$(inherited)",
					"@executable_path/Frameworks",
					"@loader_path/Frameworks",
				);
				PRODUCT_BUNDLE_IDENTIFIER = hanseop.SignupTests;
				PRODUCT_NAME = "$(TARGET_NAME)";
				SWIFT_VERSION = 5.0;
				TARGETED_DEVICE_FAMILY = "1,2";
				TEST_HOST = "$(BUILT_PRODUCTS_DIR)/Signup.app/Signup";
			};
			name = Debug;
		};
		A590F49A2428D36400293531 /* Release */ = {
			isa = XCBuildConfiguration;
			buildSettings = {
				ALWAYS_EMBED_SWIFT_STANDARD_LIBRARIES = YES;
				BUNDLE_LOADER = "$(TEST_HOST)";
				CODE_SIGN_STYLE = Automatic;
				DEVELOPMENT_TEAM = 735P3R8MUU;
				INFOPLIST_FILE = SignupTests/Info.plist;
				IPHONEOS_DEPLOYMENT_TARGET = 13.2;
				LD_RUNPATH_SEARCH_PATHS = (
					"$(inherited)",
					"@executable_path/Frameworks",
					"@loader_path/Frameworks",
				);
				PRODUCT_BUNDLE_IDENTIFIER = hanseop.SignupTests;
				PRODUCT_NAME = "$(TARGET_NAME)";
				SWIFT_VERSION = 5.0;
				TARGETED_DEVICE_FAMILY = "1,2";
				TEST_HOST = "$(BUILT_PRODUCTS_DIR)/Signup.app/Signup";
			};
			name = Release;
		};
/* End XCBuildConfiguration section */

/* Begin XCConfigurationList section */
		A590F4712428D36000293531 /* Build configuration list for PBXProject "Signup" */ = {
			isa = XCConfigurationList;
			buildConfigurations = (
				A590F4932428D36400293531 /* Debug */,
				A590F4942428D36400293531 /* Release */,
			);
			defaultConfigurationIsVisible = 0;
			defaultConfigurationName = Release;
		};
		A590F4952428D36400293531 /* Build configuration list for PBXNativeTarget "Signup" */ = {
			isa = XCConfigurationList;
			buildConfigurations = (
				A590F4962428D36400293531 /* Debug */,
				A590F4972428D36400293531 /* Release */,
			);
			defaultConfigurationIsVisible = 0;
			defaultConfigurationName = Release;
		};
		A590F4982428D36400293531 /* Build configuration list for PBXNativeTarget "SignupTests" */ = {
			isa = XCConfigurationList;
			buildConfigurations = (
				A590F4992428D36400293531 /* Debug */,
				A590F49A2428D36400293531 /* Release */,
			);
			defaultConfigurationIsVisible = 0;
			defaultConfigurationName = Release;
		};
/* End XCConfigurationList section */
	};
	rootObject = A590F46E2428D36000293531 /* Project object */;
}
